
Microsoft Visual Studio Solution File, Format Version 12.00
# Visual Studio Version 17
VisualStudioVersion = 17.5.33502.453
MinimumVisualStudioVersion = 10.0.40219.1
Project("{FAE04EC0-301F-11D3-BF4B-00C04F79EFBC}") = "player", "player\player.csproj", "{FDAE44DC-4197-42A5-BED9-EA680D95A45B}"
EndProject
Global
	GlobalSection(SolutionConfigurationPlatforms) = preSolution
		Debug|Any CPU = Debug|Any CPU
		Release|Any CPU = Release|Any CPU
	EndGlobalSection
	GlobalSection(ProjectConfigurationPlatforms) = postSolution
		{FDAE44DC-4197-42A5-BED9-EA680D95A45B}.Debug|Any CPU.ActiveCfg = Debug|Any CPU
		{FDAE44DC-4197-42A5-BED9-EA680D95A45B}.Debug|Any CPU.Build.0 = Debug|Any CPU
		{FDAE44DC-4197-42A5-BED9-EA680D95A45B}.Release|Any CPU.ActiveCfg = Release|Any CPU
		{FDAE44DC-4197-42A5-BED9-EA680D95A45B}.Release|Any CPU.Build.0 = Release|Any CPU
	EndGlobalSection
	GlobalSection(SolutionProperties) = preSolution
		HideSolutionNode = FALSE
	EndGlobalSection
	GlobalSection(ExtensibilityGlobals) = postSolution
		SolutionGuid = {FFE0680C-20FB-457A-92F6-371E96170917}
	EndGlobalSection
EndGlobal
